
Microsoft Visual Studio Solution File, Format Version 12.00
# Visual Studio Version 16
VisualStudioVersion = 16.0.30907.101
MinimumVisualStudioVersion = 10.0.40219.1
Project("{9A19103F-16F7-4668-BE54-9A1E7A4F7556}") = "DragonLegionBot", "DragonLegionBot\DragonLegionBot.csproj", "{422BB9C2-5599-4F7A-957B-69B4386978DA}"
EndProject
Project("{FAE04EC0-301F-11D3-BF4B-00C04F79EFBC}") = "LavalinkClient", "LavalinkClient\LavalinkClient.csproj", "{69F3A480-AAC9-4C41-AE22-2690F83614D0}"
EndProject
Global
	GlobalSection(SolutionConfigurationPlatforms) = preSolution
		Debug|Any CPU = Debug|Any CPU
		Release|Any CPU = Release|Any CPU
	EndGlobalSection
	GlobalSection(ProjectConfigurationPlatforms) = postSolution
		{422BB9C2-5599-4F7A-957B-69B4386978DA}.Debug|Any CPU.ActiveCfg = Debug|Any CPU
		{422BB9C2-5599-4F7A-957B-69B4386978DA}.Debug|Any CPU.Build.0 = Debug|Any CPU
		{422BB9C2-5599-4F7A-957B-69B4386978DA}.Release|Any CPU.ActiveCfg = Release|Any CPU
		{422BB9C2-5599-4F7A-957B-69B4386978DA}.Release|Any CPU.Build.0 = Release|Any CPU
		{69F3A480-AAC9-4C41-AE22-2690F83614D0}.Debug|Any CPU.ActiveCfg = Debug|Any CPU
		{69F3A480-AAC9-4C41-AE22-2690F83614D0}.Debug|Any CPU.Build.0 = Debug|Any CPU
		{69F3A480-AAC9-4C41-AE22-2690F83614D0}.Release|Any CPU.ActiveCfg = Release|Any CPU
		{69F3A480-AAC9-4C41-AE22-2690F83614D0}.Release|Any CPU.Build.0 = Release|Any CPU
	EndGlobalSection
	GlobalSection(SolutionProperties) = preSolution
		HideSolutionNode = FALSE
	EndGlobalSection
	GlobalSection(ExtensibilityGlobals) = postSolution
		SolutionGuid = {A7E8F66C-98A2-4C63-AB27-3E15A566405F}
	EndGlobalSection
EndGlobal
